<?xml version="1.0" encoding="utf-8"?>
<Project ToolsVersion="4.0" xmlns="http://schemas.microsoft.com/developer/msbuild/2003">
  <ItemGroup>
    <Filter Include="소스 파일">
      <UniqueIdentifier>{4FC737F1-C7A5-4376-A066-2A32D752A2FF}</UniqueIdentifier>
      <Extensions>cpp;c;cc;cxx;c++;cppm;ixx;def;odl;idl;hpj;bat;asm;asmx</Extensions>
    </Filter>
    <Filter Include="헤더 파일">
      <UniqueIdentifier>{93995380-89BD-4b04-88EB-625FBE52EBFB}</UniqueIdentifier>
      <Extensions>h;hh;hpp;hxx;h++;hm;inl;inc;ipp;xsd</Extensions>
    </Filter>
    <Filter Include="리소스 파일">
      <UniqueIdentifier>{67DA6AB6-F800-4c08-8B7A-83BB121AAD01}</UniqueIdentifier>
      <Extensions>rc;ico;cur;bmp;dlg;rc2;rct;bin;rgs;gif;jpg;jpeg;jpe;resx;tiff;tif;png;wav;mfcribbon-ms</Extensions>
    </Filter>
    <Filter Include="소스 파일\util">
      <UniqueIdentifier>{2a54277a-27db-4f4f-9d58-f63dd0e85ac6}</UniqueIdentifier>
    </Filter>
    <Filter Include="헤더 파일\util">
      <UniqueIdentifier>{766866a8-6e31-4e12-b3e5-2e334b971789}</UniqueIdentifier>
    </Filter>
    <Filter Include="소스 파일\main">
      <UniqueIdentifier>{dee2b8c2-c421-4267-a44c-a56f8eb01ce4}</UniqueIdentifier>
    </Filter>
    <Filter Include="소스 파일\ui">
      <UniqueIdentifier>{e4b882fd-3d44-425e-86c8-a6614b9b52bd}</UniqueIdentifier>
    </Filter>
    <Filter Include="헤더 파일\ui">
      <UniqueIdentifier>{e62be173-3eee-4137-a910-07b266f300ae}</UniqueIdentifier>
    </Filter>
    <Filter Include="소스 파일\dto">
      <UniqueIdentifier>{f861d6d3-e736-4701-9b64-a5266c9e3522}</UniqueIdentifier>
    </Filter>
    <Filter Include="헤더 파일\dto">
      <UniqueIdentifier>{f123a021-c98c-4331-ba98-a05832cb1721}</UniqueIdentifier>
    </Filter>
    <Filter Include="헤더 파일\dto\abstract_class">
      <UniqueIdentifier>{8f30d753-64cd-4855-9d3a-53b4524c4aa3}</UniqueIdentifier>
    </Filter>
    <Filter Include="헤더 파일\dto\abstract_class\common_abstract_class">
      <UniqueIdentifier>{468af985-2c3b-475b-8c41-28ffc625b708}</UniqueIdentifier>
    </Filter>
  </ItemGroup>
  <ItemGroup>
    <ClCompile Include="RGBColor.cpp">
      <Filter>소스 파일\util</Filter>
    </ClCompile>
    <ClCompile Include="main.cpp">
      <Filter>소스 파일\main</Filter>
    </ClCompile>
    <ClCompile Include="GameProc.cpp">
      <Filter>소스 파일\ui</Filter>
    </ClCompile>
    <ClCompile Include="Tank.cpp">
      <Filter>소스 파일\dto</Filter>
    </ClCompile>
    <ClCompile Include="Bullet.cpp">
      <Filter>소스 파일\dto</Filter>
    </ClCompile>
    <ClCompile Include="BombBullet.cpp">
      <Filter>소스 파일\dto</Filter>
    </ClCompile>
  </ItemGroup>
  <ItemGroup>
    <ClInclude Include="config.h">
      <Filter>헤더 파일</Filter>
    </ClInclude>
    <ClInclude Include="RGBColor.h">
      <Filter>헤더 파일\util</Filter>
    </ClInclude>
    <ClInclude Include="GameProc.h">
      <Filter>헤더 파일\ui</Filter>
    </ClInclude>
    <ClInclude Include="Tank.h">
      <Filter>헤더 파일\dto</Filter>
    </ClInclude>
    <ClInclude Include="Bullet.h">
      <Filter>헤더 파일\dto</Filter>
    </ClInclude>
    <ClInclude Include="MovingNode.h">
      <Filter>헤더 파일\dto\abstract_class</Filter>
    </ClInclude>
    <ClInclude Include="BombBullet.h">
      <Filter>헤더 파일\dto</Filter>
    </ClInclude>
    <ClInclude Include="TankNode.h">
      <Filter>헤더 파일\dto\abstract_class</Filter>
    </ClInclude>
    <ClInclude Include="BulletNode.h">
      <Filter>헤더 파일\dto\abstract_class</Filter>
    </ClInclude>
    <ClInclude Include="GameNode.h">
      <Filter>헤더 파일\dto\abstract_class\common_abstract_class</Filter>
    </ClInclude>
  </ItemGroup>
</Project>